
Microsoft Visual Studio Solution File, Format Version 12.00
# Visual Studio Version 17
VisualStudioVersion = 17.10.35013.160
MinimumVisualStudioVersion = 10.0.40219.1
Project("{FAE04EC0-301F-11D3-BF4B-00C04F79EFBC}") = "TheFountainOfObjects", "TheFountainOfObjects.csproj", "{46BCC74F-D407-4DF5-ADDC-899C12159910}"
EndProject
Global
	GlobalSection(SolutionConfigurationPlatforms) = preSolution
		Debug|Any CPU = Debug|Any CPU
		Release|Any CPU = Release|Any CPU
	EndGlobalSection
	GlobalSection(ProjectConfigurationPlatforms) = postSolution
		{46BCC74F-D407-4DF5-ADDC-899C12159910}.Debug|Any CPU.ActiveCfg = Debug|Any CPU
		{46BCC74F-D407-4DF5-ADDC-899C12159910}.Debug|Any CPU.Build.0 = Debug|Any CPU
		{46BCC74F-D407-4DF5-ADDC-899C12159910}.Release|Any CPU.ActiveCfg = Release|Any CPU
		{46BCC74F-D407-4DF5-ADDC-899C12159910}.Release|Any CPU.Build.0 = Release|Any CPU
	EndGlobalSection
	GlobalSection(SolutionProperties) = preSolution
		HideSolutionNode = FALSE
	EndGlobalSection
	GlobalSection(ExtensibilityGlobals) = postSolution
		SolutionGuid = {761345A5-90A3-450F-A9EC-625C0F32713C}
	EndGlobalSection
EndGlobal
